{
  "requires": true,
  "lockfileVersion": 1,
  "dependencies": {
    "@shferreira/posthtml-inline-assets": {
      "version": "3.0.1",
      "resolved": "https://registry.npmjs.org/@shferreira/posthtml-inline-assets/-/posthtml-inline-assets-3.0.1.tgz",
      "integrity": "sha512-oeyaETAqSAzFjmcExgoGinYpY2HsLWxaCMO8TRZb0UvsSlLu/tkI/5j421wfoQA/6fjHe1o/J076KdeYRqc3aw==",
      "requires": {
        "file-type": "^10.4.0",
        "fse": "^4.0.1"
      }
    },
    "file-type": {
      "version": "10.11.0",
      "resolved": "https://registry.npmjs.org/file-type/-/file-type-10.11.0.tgz",
      "integrity": "sha512-uzk64HRpUZyTGZtVuvrjP0FYxzQrBf4rojot6J65YMEbwBLB0CWm0CLojVpwpmFmxcE/lkvYICgfcGozbBq6rw=="
    },
    "fse": {
      "version": "4.0.1",
      "resolved": "https://registry.npmjs.org/fse/-/fse-4.0.1.tgz",
      "integrity": "sha512-5XLUrweQvJxSJKhBe3XjimHSJ2EUhYOG+K2tLQy8I9kp78Fa3CgUXqxAZWxE9+fsvnI5GVkHl4NDqbf1tSb93Q=="
    },
    "parcel-plugin-inliner": {
      "version": "1.0.10",
      "resolved": "https://registry.npmjs.org/parcel-plugin-inliner/-/parcel-plugin-inliner-1.0.10.tgz",
      "integrity": "sha512-B2N6QbRvGNYBQjhZdkHw3dKc+YDRNbRpXSsg3A1tA1tizOToSOtvCOWNZbMZcIcvyGxUZ6ZCtGj7/OYujkIn9Q==",
      "requires": {
        "@shferreira/posthtml-inline-assets": "^3.0.0"
      }
    }
  }
}
